
Microsoft Visual Studio Solution File, Format Version 12.00
# Visual Studio Version 16
VisualStudioVersion = 16.0.30517.126
MinimumVisualStudioVersion = 10.0.40219.1
Project("{FAE04EC0-301F-11D3-BF4B-00C04F79EFBC}") = "Clases Abstractas", "Clases Abstractas\Clases Abstractas.csproj", "{AD9BC595-97EA-4B1A-AF3D-3732617BB61A}"
EndProject
Project("{FAE04EC0-301F-11D3-BF4B-00C04F79EFBC}") = "Clases Instanciables", "Clases Instanciables\Clases Instanciables.csproj", "{C6EC0D1B-74C3-43E1-8191-6C13142FA731}"
EndProject
Project("{FAE04EC0-301F-11D3-BF4B-00C04F79EFBC}") = "Excepciones", "Excepciones\Excepciones.csproj", "{CF8814D0-C99A-4A88-8B62-95D56E52F5B0}"
EndProject
Project("{FAE04EC0-301F-11D3-BF4B-00C04F79EFBC}") = "Archivos", "Archivos\Archivos.csproj", "{E977CA72-83C0-4160-AD98-A9C8D086E61D}"
EndProject
Project("{FAE04EC0-301F-11D3-BF4B-00C04F79EFBC}") = "Test", "Test\Test.csproj", "{539AFFEF-CEEB-4B8E-8CC9-869D5E5425B2}"
EndProject
Global
	GlobalSection(SolutionConfigurationPlatforms) = preSolution
		Debug|Any CPU = Debug|Any CPU
		Release|Any CPU = Release|Any CPU
	EndGlobalSection
	GlobalSection(ProjectConfigurationPlatforms) = postSolution
		{AD9BC595-97EA-4B1A-AF3D-3732617BB61A}.Debug|Any CPU.ActiveCfg = Debug|Any CPU
		{AD9BC595-97EA-4B1A-AF3D-3732617BB61A}.Debug|Any CPU.Build.0 = Debug|Any CPU
		{AD9BC595-97EA-4B1A-AF3D-3732617BB61A}.Release|Any CPU.ActiveCfg = Release|Any CPU
		{AD9BC595-97EA-4B1A-AF3D-3732617BB61A}.Release|Any CPU.Build.0 = Release|Any CPU
		{C6EC0D1B-74C3-43E1-8191-6C13142FA731}.Debug|Any CPU.ActiveCfg = Debug|Any CPU
		{C6EC0D1B-74C3-43E1-8191-6C13142FA731}.Debug|Any CPU.Build.0 = Debug|Any CPU
		{C6EC0D1B-74C3-43E1-8191-6C13142FA731}.Release|Any CPU.ActiveCfg = Release|Any CPU
		{C6EC0D1B-74C3-43E1-8191-6C13142FA731}.Release|Any CPU.Build.0 = Release|Any CPU
		{CF8814D0-C99A-4A88-8B62-95D56E52F5B0}.Debug|Any CPU.ActiveCfg = Debug|Any CPU
		{CF8814D0-C99A-4A88-8B62-95D56E52F5B0}.Debug|Any CPU.Build.0 = Debug|Any CPU
		{CF8814D0-C99A-4A88-8B62-95D56E52F5B0}.Release|Any CPU.ActiveCfg = Release|Any CPU
		{CF8814D0-C99A-4A88-8B62-95D56E52F5B0}.Release|Any CPU.Build.0 = Release|Any CPU
		{E977CA72-83C0-4160-AD98-A9C8D086E61D}.Debug|Any CPU.ActiveCfg = Debug|Any CPU
		{E977CA72-83C0-4160-AD98-A9C8D086E61D}.Debug|Any CPU.Build.0 = Debug|Any CPU
		{E977CA72-83C0-4160-AD98-A9C8D086E61D}.Release|Any CPU.ActiveCfg = Release|Any CPU
		{E977CA72-83C0-4160-AD98-A9C8D086E61D}.Release|Any CPU.Build.0 = Release|Any CPU
		{539AFFEF-CEEB-4B8E-8CC9-869D5E5425B2}.Debug|Any CPU.ActiveCfg = Debug|Any CPU
		{539AFFEF-CEEB-4B8E-8CC9-869D5E5425B2}.Debug|Any CPU.Build.0 = Debug|Any CPU
		{539AFFEF-CEEB-4B8E-8CC9-869D5E5425B2}.Release|Any CPU.ActiveCfg = Release|Any CPU
		{539AFFEF-CEEB-4B8E-8CC9-869D5E5425B2}.Release|Any CPU.Build.0 = Release|Any CPU
	EndGlobalSection
	GlobalSection(SolutionProperties) = preSolution
		HideSolutionNode = FALSE
	EndGlobalSection
	GlobalSection(ExtensibilityGlobals) = postSolution
		SolutionGuid = {6D692879-B562-48AC-ADED-670CDA1C041A}
	EndGlobalSection
EndGlobal
